
Microsoft Visual Studio Solution File, Format Version 12.00
# Visual Studio 14
VisualStudioVersion = 14.0.25420.1
MinimumVisualStudioVersion = 10.0.40219.1
Project("{FAE04EC0-301F-11D3-BF4B-00C04F79EFBC}") = "Day01", "2015\Day01\Day01.csproj", "{947979E1-D32E-4CF5-8481-2AD3ED96189A}"
EndProject
Project("{FAE04EC0-301F-11D3-BF4B-00C04F79EFBC}") = "Day02", "2015\Day02\Day02.csproj", "{74572AE6-AB68-4F8B-B316-5E29E4FC74F6}"
EndProject
Project("{FAE04EC0-301F-11D3-BF4B-00C04F79EFBC}") = "Day16", "2015\Day16\Day16.csproj", "{10D930F4-9AB0-4B97-8B59-DD1977755854}"
EndProject
Project("{FAE04EC0-301F-11D3-BF4B-00C04F79EFBC}") = "Day17", "2015\Day17\Day17.csproj", "{0FB2C873-6D82-4D36-98E3-4BA6E1B204FD}"
EndProject
Project("{FAE04EC0-301F-11D3-BF4B-00C04F79EFBC}") = "Day03", "2015\Day03\Day03.csproj", "{7905EFE7-7962-4D33-B671-AAEFF905E9CB}"
EndProject
Project("{2150E333-8FDC-42A3-9474-1A3956D46DE8}") = "2015", "2015", "{86E05509-56CF-4446-AFFC-3A46376600AF}"
EndProject
Project("{FAE04EC0-301F-11D3-BF4B-00C04F79EFBC}") = "Day01", "2016\Day01\Day01.csproj", "{5794CF15-DB27-4BCE-B130-3461DB0B29C4}"
EndProject
Project("{2150E333-8FDC-42A3-9474-1A3956D46DE8}") = "2016", "2016", "{34098F58-9653-4FA1-9A13-0ECC32A1F3A5}"
EndProject
Global
	GlobalSection(SolutionConfigurationPlatforms) = preSolution
		Debug|Any CPU = Debug|Any CPU
		Release|Any CPU = Release|Any CPU
	EndGlobalSection
	GlobalSection(ProjectConfigurationPlatforms) = postSolution
		{947979E1-D32E-4CF5-8481-2AD3ED96189A}.Debug|Any CPU.ActiveCfg = Debug|Any CPU
		{947979E1-D32E-4CF5-8481-2AD3ED96189A}.Debug|Any CPU.Build.0 = Debug|Any CPU
		{947979E1-D32E-4CF5-8481-2AD3ED96189A}.Release|Any CPU.ActiveCfg = Release|Any CPU
		{947979E1-D32E-4CF5-8481-2AD3ED96189A}.Release|Any CPU.Build.0 = Release|Any CPU
		{74572AE6-AB68-4F8B-B316-5E29E4FC74F6}.Debug|Any CPU.ActiveCfg = Debug|Any CPU
		{74572AE6-AB68-4F8B-B316-5E29E4FC74F6}.Debug|Any CPU.Build.0 = Debug|Any CPU
		{74572AE6-AB68-4F8B-B316-5E29E4FC74F6}.Release|Any CPU.ActiveCfg = Release|Any CPU
		{74572AE6-AB68-4F8B-B316-5E29E4FC74F6}.Release|Any CPU.Build.0 = Release|Any CPU
		{10D930F4-9AB0-4B97-8B59-DD1977755854}.Debug|Any CPU.ActiveCfg = Debug|Any CPU
		{10D930F4-9AB0-4B97-8B59-DD1977755854}.Debug|Any CPU.Build.0 = Debug|Any CPU
		{10D930F4-9AB0-4B97-8B59-DD1977755854}.Release|Any CPU.ActiveCfg = Release|Any CPU
		{10D930F4-9AB0-4B97-8B59-DD1977755854}.Release|Any CPU.Build.0 = Release|Any CPU
		{0FB2C873-6D82-4D36-98E3-4BA6E1B204FD}.Debug|Any CPU.ActiveCfg = Debug|Any CPU
		{0FB2C873-6D82-4D36-98E3-4BA6E1B204FD}.Debug|Any CPU.Build.0 = Debug|Any CPU
		{0FB2C873-6D82-4D36-98E3-4BA6E1B204FD}.Release|Any CPU.ActiveCfg = Release|Any CPU
		{0FB2C873-6D82-4D36-98E3-4BA6E1B204FD}.Release|Any CPU.Build.0 = Release|Any CPU
		{7905EFE7-7962-4D33-B671-AAEFF905E9CB}.Debug|Any CPU.ActiveCfg = Debug|Any CPU
		{7905EFE7-7962-4D33-B671-AAEFF905E9CB}.Debug|Any CPU.Build.0 = Debug|Any CPU
		{7905EFE7-7962-4D33-B671-AAEFF905E9CB}.Release|Any CPU.ActiveCfg = Release|Any CPU
		{7905EFE7-7962-4D33-B671-AAEFF905E9CB}.Release|Any CPU.Build.0 = Release|Any CPU
		{5794CF15-DB27-4BCE-B130-3461DB0B29C4}.Debug|Any CPU.ActiveCfg = Debug|Any CPU
		{5794CF15-DB27-4BCE-B130-3461DB0B29C4}.Debug|Any CPU.Build.0 = Debug|Any CPU
		{5794CF15-DB27-4BCE-B130-3461DB0B29C4}.Release|Any CPU.ActiveCfg = Release|Any CPU
		{5794CF15-DB27-4BCE-B130-3461DB0B29C4}.Release|Any CPU.Build.0 = Release|Any CPU
	EndGlobalSection
	GlobalSection(SolutionProperties) = preSolution
		HideSolutionNode = FALSE
	EndGlobalSection
	GlobalSection(NestedProjects) = preSolution
		{947979E1-D32E-4CF5-8481-2AD3ED96189A} = {86E05509-56CF-4446-AFFC-3A46376600AF}
		{74572AE6-AB68-4F8B-B316-5E29E4FC74F6} = {86E05509-56CF-4446-AFFC-3A46376600AF}
		{10D930F4-9AB0-4B97-8B59-DD1977755854} = {86E05509-56CF-4446-AFFC-3A46376600AF}
		{0FB2C873-6D82-4D36-98E3-4BA6E1B204FD} = {86E05509-56CF-4446-AFFC-3A46376600AF}
		{7905EFE7-7962-4D33-B671-AAEFF905E9CB} = {86E05509-56CF-4446-AFFC-3A46376600AF}
		{5794CF15-DB27-4BCE-B130-3461DB0B29C4} = {34098F58-9653-4FA1-9A13-0ECC32A1F3A5}
	EndGlobalSection
EndGlobal
