
Microsoft Visual Studio Solution File, Format Version 12.00
# Visual Studio 14
VisualStudioVersion = 14.0.25420.1
MinimumVisualStudioVersion = 10.0.40219.1
Project("{FAE04EC0-301F-11D3-BF4B-00C04F79EFBC}") = "2015.Day01", "2015.Day01\2015.Day01.csproj", "{947979E1-D32E-4CF5-8481-2AD3ED96189A}"
EndProject
Project("{FAE04EC0-301F-11D3-BF4B-00C04F79EFBC}") = "2015.Day02", "2015.Day02\2015.Day02.csproj", "{74572AE6-AB68-4F8B-B316-5E29E4FC74F6}"
EndProject
Project("{FAE04EC0-301F-11D3-BF4B-00C04F79EFBC}") = "2015.Day17", "2015.Day17\2015.Day17.csproj", "{0FB2C873-6D82-4D36-98E3-4BA6E1B204FD}"
EndProject
Project("{FAE04EC0-301F-11D3-BF4B-00C04F79EFBC}") = "2015.Day03", "2015.Day03\2015.Day03.csproj", "{7905EFE7-7962-4D33-B671-AAEFF905E9CB}"
EndProject
Project("{FAE04EC0-301F-11D3-BF4B-00C04F79EFBC}") = "2016.Day01", "2016.Day01\2016.Day01.csproj", "{5794CF15-DB27-4BCE-B130-3461DB0B29C4}"
EndProject
Project("{FAE04EC0-301F-11D3-BF4B-00C04F79EFBC}") = "2016.Day02", "2016.Day02\2016.Day02.csproj", "{E60C241C-BCE3-486D-9E99-F2C0206EAE8D}"
EndProject
Project("{FAE04EC0-301F-11D3-BF4B-00C04F79EFBC}") = "2016.Day03", "2016.Day03\2016.Day03.csproj", "{355C659D-DF55-485E-9975-0F7BEF0FFF7C}"
EndProject
Project("{FAE04EC0-301F-11D3-BF4B-00C04F79EFBC}") = "2016.Day04", "2016.Day04\2016.Day04.csproj", "{603F24C2-32A7-4FCC-98BD-337AD5DB9EEA}"
EndProject
Project("{FAE04EC0-301F-11D3-BF4B-00C04F79EFBC}") = "2016.Day05", "2016.Day05\2016.Day05.csproj", "{6D9BF7E2-61CE-4E34-8E0D-E86461D4B27A}"
EndProject
Project("{FAE04EC0-301F-11D3-BF4B-00C04F79EFBC}") = "2016.Day06", "2016.Day06\2016.Day06.csproj", "{2DD11BEF-C237-40B0-8EDD-EDD8C10B0DAE}"
EndProject
Project("{2150E333-8FDC-42A3-9474-1A3956D46DE8}") = "2015", "2015", "{4A09819C-9A2C-44EA-B347-BA8DA7BC04D1}"
EndProject
Project("{2150E333-8FDC-42A3-9474-1A3956D46DE8}") = "2016", "2016", "{7E25A55A-B731-4BA8-970F-5CBC6288B83E}"
EndProject
Project("{FAE04EC0-301F-11D3-BF4B-00C04F79EFBC}") = "2016.Day07", "2016.Day07\2016.Day07.csproj", "{D9349A05-ED05-4188-97B9-9EBF1321CBDA}"
EndProject
Global
	GlobalSection(SolutionConfigurationPlatforms) = preSolution
		Debug|Any CPU = Debug|Any CPU
		Release|Any CPU = Release|Any CPU
	EndGlobalSection
	GlobalSection(ProjectConfigurationPlatforms) = postSolution
		{947979E1-D32E-4CF5-8481-2AD3ED96189A}.Debug|Any CPU.ActiveCfg = Debug|Any CPU
		{947979E1-D32E-4CF5-8481-2AD3ED96189A}.Debug|Any CPU.Build.0 = Debug|Any CPU
		{947979E1-D32E-4CF5-8481-2AD3ED96189A}.Release|Any CPU.ActiveCfg = Release|Any CPU
		{947979E1-D32E-4CF5-8481-2AD3ED96189A}.Release|Any CPU.Build.0 = Release|Any CPU
		{74572AE6-AB68-4F8B-B316-5E29E4FC74F6}.Debug|Any CPU.ActiveCfg = Debug|Any CPU
		{74572AE6-AB68-4F8B-B316-5E29E4FC74F6}.Debug|Any CPU.Build.0 = Debug|Any CPU
		{74572AE6-AB68-4F8B-B316-5E29E4FC74F6}.Release|Any CPU.ActiveCfg = Release|Any CPU
		{74572AE6-AB68-4F8B-B316-5E29E4FC74F6}.Release|Any CPU.Build.0 = Release|Any CPU
		{0FB2C873-6D82-4D36-98E3-4BA6E1B204FD}.Debug|Any CPU.ActiveCfg = Debug|Any CPU
		{0FB2C873-6D82-4D36-98E3-4BA6E1B204FD}.Debug|Any CPU.Build.0 = Debug|Any CPU
		{0FB2C873-6D82-4D36-98E3-4BA6E1B204FD}.Release|Any CPU.ActiveCfg = Release|Any CPU
		{0FB2C873-6D82-4D36-98E3-4BA6E1B204FD}.Release|Any CPU.Build.0 = Release|Any CPU
		{7905EFE7-7962-4D33-B671-AAEFF905E9CB}.Debug|Any CPU.ActiveCfg = Debug|Any CPU
		{7905EFE7-7962-4D33-B671-AAEFF905E9CB}.Debug|Any CPU.Build.0 = Debug|Any CPU
		{7905EFE7-7962-4D33-B671-AAEFF905E9CB}.Release|Any CPU.ActiveCfg = Release|Any CPU
		{7905EFE7-7962-4D33-B671-AAEFF905E9CB}.Release|Any CPU.Build.0 = Release|Any CPU
		{5794CF15-DB27-4BCE-B130-3461DB0B29C4}.Debug|Any CPU.ActiveCfg = Debug|Any CPU
		{5794CF15-DB27-4BCE-B130-3461DB0B29C4}.Debug|Any CPU.Build.0 = Debug|Any CPU
		{5794CF15-DB27-4BCE-B130-3461DB0B29C4}.Release|Any CPU.ActiveCfg = Release|Any CPU
		{5794CF15-DB27-4BCE-B130-3461DB0B29C4}.Release|Any CPU.Build.0 = Release|Any CPU
		{E60C241C-BCE3-486D-9E99-F2C0206EAE8D}.Debug|Any CPU.ActiveCfg = Debug|Any CPU
		{E60C241C-BCE3-486D-9E99-F2C0206EAE8D}.Debug|Any CPU.Build.0 = Debug|Any CPU
		{E60C241C-BCE3-486D-9E99-F2C0206EAE8D}.Release|Any CPU.ActiveCfg = Release|Any CPU
		{E60C241C-BCE3-486D-9E99-F2C0206EAE8D}.Release|Any CPU.Build.0 = Release|Any CPU
		{355C659D-DF55-485E-9975-0F7BEF0FFF7C}.Debug|Any CPU.ActiveCfg = Debug|Any CPU
		{355C659D-DF55-485E-9975-0F7BEF0FFF7C}.Debug|Any CPU.Build.0 = Debug|Any CPU
		{355C659D-DF55-485E-9975-0F7BEF0FFF7C}.Release|Any CPU.ActiveCfg = Release|Any CPU
		{355C659D-DF55-485E-9975-0F7BEF0FFF7C}.Release|Any CPU.Build.0 = Release|Any CPU
		{603F24C2-32A7-4FCC-98BD-337AD5DB9EEA}.Debug|Any CPU.ActiveCfg = Debug|Any CPU
		{603F24C2-32A7-4FCC-98BD-337AD5DB9EEA}.Debug|Any CPU.Build.0 = Debug|Any CPU
		{603F24C2-32A7-4FCC-98BD-337AD5DB9EEA}.Release|Any CPU.ActiveCfg = Release|Any CPU
		{603F24C2-32A7-4FCC-98BD-337AD5DB9EEA}.Release|Any CPU.Build.0 = Release|Any CPU
		{6D9BF7E2-61CE-4E34-8E0D-E86461D4B27A}.Debug|Any CPU.ActiveCfg = Debug|Any CPU
		{6D9BF7E2-61CE-4E34-8E0D-E86461D4B27A}.Debug|Any CPU.Build.0 = Debug|Any CPU
		{6D9BF7E2-61CE-4E34-8E0D-E86461D4B27A}.Release|Any CPU.ActiveCfg = Release|Any CPU
		{6D9BF7E2-61CE-4E34-8E0D-E86461D4B27A}.Release|Any CPU.Build.0 = Release|Any CPU
		{2DD11BEF-C237-40B0-8EDD-EDD8C10B0DAE}.Debug|Any CPU.ActiveCfg = Debug|Any CPU
		{2DD11BEF-C237-40B0-8EDD-EDD8C10B0DAE}.Debug|Any CPU.Build.0 = Debug|Any CPU
		{2DD11BEF-C237-40B0-8EDD-EDD8C10B0DAE}.Release|Any CPU.ActiveCfg = Release|Any CPU
		{2DD11BEF-C237-40B0-8EDD-EDD8C10B0DAE}.Release|Any CPU.Build.0 = Release|Any CPU
		{D9349A05-ED05-4188-97B9-9EBF1321CBDA}.Debug|Any CPU.ActiveCfg = Debug|Any CPU
		{D9349A05-ED05-4188-97B9-9EBF1321CBDA}.Debug|Any CPU.Build.0 = Debug|Any CPU
		{D9349A05-ED05-4188-97B9-9EBF1321CBDA}.Release|Any CPU.ActiveCfg = Release|Any CPU
		{D9349A05-ED05-4188-97B9-9EBF1321CBDA}.Release|Any CPU.Build.0 = Release|Any CPU
	EndGlobalSection
	GlobalSection(SolutionProperties) = preSolution
		HideSolutionNode = FALSE
	EndGlobalSection
	GlobalSection(NestedProjects) = preSolution
		{947979E1-D32E-4CF5-8481-2AD3ED96189A} = {4A09819C-9A2C-44EA-B347-BA8DA7BC04D1}
		{74572AE6-AB68-4F8B-B316-5E29E4FC74F6} = {4A09819C-9A2C-44EA-B347-BA8DA7BC04D1}
		{0FB2C873-6D82-4D36-98E3-4BA6E1B204FD} = {4A09819C-9A2C-44EA-B347-BA8DA7BC04D1}
		{7905EFE7-7962-4D33-B671-AAEFF905E9CB} = {4A09819C-9A2C-44EA-B347-BA8DA7BC04D1}
		{5794CF15-DB27-4BCE-B130-3461DB0B29C4} = {7E25A55A-B731-4BA8-970F-5CBC6288B83E}
		{E60C241C-BCE3-486D-9E99-F2C0206EAE8D} = {7E25A55A-B731-4BA8-970F-5CBC6288B83E}
		{355C659D-DF55-485E-9975-0F7BEF0FFF7C} = {7E25A55A-B731-4BA8-970F-5CBC6288B83E}
		{603F24C2-32A7-4FCC-98BD-337AD5DB9EEA} = {7E25A55A-B731-4BA8-970F-5CBC6288B83E}
		{6D9BF7E2-61CE-4E34-8E0D-E86461D4B27A} = {7E25A55A-B731-4BA8-970F-5CBC6288B83E}
		{2DD11BEF-C237-40B0-8EDD-EDD8C10B0DAE} = {7E25A55A-B731-4BA8-970F-5CBC6288B83E}
		{D9349A05-ED05-4188-97B9-9EBF1321CBDA} = {7E25A55A-B731-4BA8-970F-5CBC6288B83E}
	EndGlobalSection
EndGlobal
